
Microsoft Visual Studio Solution File, Format Version 12.00
# Visual Studio 15
VisualStudioVersion = 15.0.28307.106
MinimumVisualStudioVersion = 10.0.40219.1
Project("{FAE04EC0-301F-11D3-BF4B-00C04F79EFBC}") = "TescoPayCalculater", "TescoPayCalculater\TescoPayCalculater.csproj", "{38891B4E-00B0-4C55-967D-CDB9D356BFE6}"
EndProject
Global
	GlobalSection(SolutionConfigurationPlatforms) = preSolution
		Debug|Any CPU = Debug|Any CPU
		Release|Any CPU = Release|Any CPU
	EndGlobalSection
	GlobalSection(ProjectConfigurationPlatforms) = postSolution
		{38891B4E-00B0-4C55-967D-CDB9D356BFE6}.Debug|Any CPU.ActiveCfg = Debug|Any CPU
		{38891B4E-00B0-4C55-967D-CDB9D356BFE6}.Debug|Any CPU.Build.0 = Debug|Any CPU
		{38891B4E-00B0-4C55-967D-CDB9D356BFE6}.Release|Any CPU.ActiveCfg = Release|Any CPU
		{38891B4E-00B0-4C55-967D-CDB9D356BFE6}.Release|Any CPU.Build.0 = Release|Any CPU
	EndGlobalSection
	GlobalSection(SolutionProperties) = preSolution
		HideSolutionNode = FALSE
	EndGlobalSection
	GlobalSection(ExtensibilityGlobals) = postSolution
		SolutionGuid = {255CB346-A2E7-4269-98A3-EC40E97B851D}
	EndGlobalSection
EndGlobal
